
Microsoft Visual Studio Solution File, Format Version 12.00
# Visual Studio Version 17
VisualStudioVersion = 17.5.33424.131
MinimumVisualStudioVersion = 10.0.40219.1
Project("{FAE04EC0-301F-11D3-BF4B-00C04F79EFBC}") = "BolgEngine", "BolgEngine\BolgEngine.csproj", "{5242CE05-20E3-4C65-AEF9-92DFD5DF5940}"
EndProject
Global
	GlobalSection(SolutionConfigurationPlatforms) = preSolution
		Debug|Any CPU = Debug|Any CPU
		Release|Any CPU = Release|Any CPU
	EndGlobalSection
	GlobalSection(ProjectConfigurationPlatforms) = postSolution
		{5242CE05-20E3-4C65-AEF9-92DFD5DF5940}.Debug|Any CPU.ActiveCfg = Debug|Any CPU
		{5242CE05-20E3-4C65-AEF9-92DFD5DF5940}.Debug|Any CPU.Build.0 = Debug|Any CPU
		{5242CE05-20E3-4C65-AEF9-92DFD5DF5940}.Release|Any CPU.ActiveCfg = Release|Any CPU
		{5242CE05-20E3-4C65-AEF9-92DFD5DF5940}.Release|Any CPU.Build.0 = Release|Any CPU
	EndGlobalSection
	GlobalSection(SolutionProperties) = preSolution
		HideSolutionNode = FALSE
	EndGlobalSection
	GlobalSection(ExtensibilityGlobals) = postSolution
		SolutionGuid = {259F377E-789A-4485-A054-A5ABD6FFC745}
	EndGlobalSection
EndGlobal
